// !$*UTF8*$!
{
	archiveVersion = 1;
	classes = {
	};
	objectVersion = 46;
	objects = {

/* Begin PBXBuildFile section */
		A15F70361E99819E00472307 /* DetailsViewController.m in Sources */ = {isa = PBXBuildFile; fileRef = A15F70351E99819E00472307 /* DetailsViewController.m */; };
		A1676D8A1E916B2600F09247 /* main.m in Sources */ = {isa = PBXBuildFile; fileRef = A1676D891E916B2600F09247 /* main.m */; };
		A1676D8D1E916B2600F09247 /* AppDelegate.m in Sources */ = {isa = PBXBuildFile; fileRef = A1676D8C1E916B2600F09247 /* AppDelegate.m */; };
		A1676D901E916B2600F09247 /* ViewController.m in Sources */ = {isa = PBXBuildFile; fileRef = A1676D8F1E916B2600F09247 /* ViewController.m */; };
		A1676D931E916B2600F09247 /* Main.storyboard in Resources */ = {isa = PBXBuildFile; fileRef = A1676D911E916B2600F09247 /* Main.storyboard */; };
		A1676D951E916B2600F09247 /* Assets.xcassets in Resources */ = {isa = PBXBuildFile; fileRef = A1676D941E916B2600F09247 /* Assets.xcassets */; };
		A1676D981E916B2600F09247 /* LaunchScreen.storyboard in Resources */ = {isa = PBXBuildFile; fileRef = A1676D961E916B2600F09247 /* LaunchScreen.storyboard */; };
		A1676DA61E917CB700F09247 /* Corporation.plist in Resources */ = {isa = PBXBuildFile; fileRef = A1676DA51E917CB700F09247 /* Corporation.plist */; };
		A1676DAA1E91834E00F09247 /* Corporations.m in Sources */ = {isa = PBXBuildFile; fileRef = A1676DA91E91834E00F09247 /* Corporations.m */; };
/* End PBXBuildFile section */

/* Begin PBXFileReference section */
		A15F70351E99819E00472307 /* DetailsViewController.m */ = {isa = PBXFileReference; fileEncoding = 4; lastKnownFileType = sourcecode.c.objc; path = DetailsViewController.m; sourceTree = "<group>"; };
		A15F70371E9981B900472307 /* DetailsViewController.h */ = {isa = PBXFileReference; lastKnownFileType = sourcecode.c.h; path = DetailsViewController.h; sourceTree = "<group>"; };
		A1676D851E916B2600F09247 /* Home Task.app */ = {isa = PBXFileReference; explicitFileType = wrapper.application; includeInIndex = 0; path = "Home Task.app"; sourceTree = BUILT_PRODUCTS_DIR; };
		A1676D891E916B2600F09247 /* main.m */ = {isa = PBXFileReference; lastKnownFileType = sourcecode.c.objc; path = main.m; sourceTree = "<group>"; };
		A1676D8B1E916B2600F09247 /* AppDelegate.h */ = {isa = PBXFileReference; lastKnownFileType = sourcecode.c.h; path = AppDelegate.h; sourceTree = "<group>"; };
		A1676D8C1E916B2600F09247 /* AppDelegate.m */ = {isa = PBXFileReference; lastKnownFileType = sourcecode.c.objc; path = AppDelegate.m; sourceTree = "<group>"; };
		A1676D8E1E916B2600F09247 /* ViewController.h */ = {isa = PBXFileReference; lastKnownFileType = sourcecode.c.h; path = ViewController.h; sourceTree = "<group>"; };
		A1676D8F1E916B2600F09247 /* ViewController.m */ = {isa = PBXFileReference; lastKnownFileType = sourcecode.c.objc; path = ViewController.m; sourceTree = "<group>"; };
		A1676D921E916B2600F09247 /* Base */ = {isa = PBXFileReference; lastKnownFileType = file.storyboard; name = Base; path = Base.lproj/Main.storyboard; sourceTree = "<group>"; };
		A1676D941E916B2600F09247 /* Assets.xcassets */ = {isa = PBXFileReference; lastKnownFileType = folder.assetcatalog; path = Assets.xcassets; sourceTree = "<group>"; };
		A1676D971E916B2600F09247 /* Base */ = {isa = PBXFileReference; lastKnownFileType = file.storyboard; name = Base; path = Base.lproj/LaunchScreen.storyboard; sourceTree = "<group>"; };
		A1676D991E916B2600F09247 /* Info.plist */ = {isa = PBXFileReference; lastKnownFileType = text.plist.xml; path = Info.plist; sourceTree = "<group>"; };
		A1676DA51E917CB700F09247 /* Corporation.plist */ = {isa = PBXFileReference; fileEncoding = 4; lastKnownFileType = text.plist.xml; path = Corporation.plist; sourceTree = "<group>"; };
		A1676DA91E91834E00F09247 /* Corporations.m */ = {isa = PBXFileReference; fileEncoding = 4; lastKnownFileType = sourcecode.c.objc; path = Corporations.m; sourceTree = "<group>"; };
		A1676DAB1E9183A300F09247 /* Corporations.h */ = {isa = PBXFileReference; lastKnownFileType = sourcecode.c.h; path = Corporations.h; sourceTree = "<group>"; };
/* End PBXFileReference section */

/* Begin PBXFrameworksBuildPhase section */
		A1676D821E916B2600F09247 /* Frameworks */ = {
			isa = PBXFrameworksBuildPhase;
			buildActionMask = 2147483647;
			files = (
			);
			runOnlyForDeploymentPostprocessing = 0;
		};
/* End PBXFrameworksBuildPhase section */

/* Begin PBXGroup section */
		A1676D7C1E916B2600F09247 = {
			isa = PBXGroup;
			children = (
				A1676D871E916B2600F09247 /* Home Task */,
				A1676D861E916B2600F09247 /* Products */,
				A1676D881E916B2600F09247 /* Supporting Files */,
			);
			sourceTree = "<group>";
		};
		A1676D861E916B2600F09247 /* Products */ = {
			isa = PBXGroup;
			children = (
				A1676D851E916B2600F09247 /* Home Task.app */,
			);
			name = Products;
			sourceTree = "<group>";
		};
		A1676D871E916B2600F09247 /* Home Task */ = {
			isa = PBXGroup;
			children = (
				A1676DA21E916D5900F09247 /* Storyboards */,
				A1676DA11E916D4E00F09247 /* Models */,
				A1676DA01E916D2800F09247 /* Controllers */,
				A1676D9F1E916D1500F09247 /* Views */,
				A1676D8B1E916B2600F09247 /* AppDelegate.h */,
				A1676D8C1E916B2600F09247 /* AppDelegate.m */,
				A1676D941E916B2600F09247 /* Assets.xcassets */,
				A1676D991E916B2600F09247 /* Info.plist */,
			);
			path = "Home Task";
			sourceTree = "<group>";
		};
		A1676D881E916B2600F09247 /* Supporting Files */ = {
			isa = PBXGroup;
			children = (
				A1676D891E916B2600F09247 /* main.m */,
			);
			name = "Supporting Files";
			path = "Home Task";
			sourceTree = "<group>";
		};
		A1676D9F1E916D1500F09247 /* Views */ = {
			isa = PBXGroup;
			children = (
			);
			name = Views;
			sourceTree = "<group>";
		};
		A1676DA01E916D2800F09247 /* Controllers */ = {
			isa = PBXGroup;
			children = (
				A1676D8E1E916B2600F09247 /* ViewController.h */,
				A1676D8F1E916B2600F09247 /* ViewController.m */,
				A15F70351E99819E00472307 /* DetailsViewController.m */,
				A15F70371E9981B900472307 /* DetailsViewController.h */,
			);
			name = Controllers;
			sourceTree = "<group>";
		};
		A1676DA11E916D4E00F09247 /* Models */ = {
			isa = PBXGroup;
			children = (
				A1676DA51E917CB700F09247 /* Corporation.plist */,
				A1676DAB1E9183A300F09247 /* Corporations.h */,
				A1676DA91E91834E00F09247 /* Corporations.m */,
			);
			name = Models;
			sourceTree = "<group>";
		};
		A1676DA21E916D5900F09247 /* Storyboards */ = {
			isa = PBXGroup;
			children = (
				A1676D961E916B2600F09247 /* LaunchScreen.storyboard */,
				A1676D911E916B2600F09247 /* Main.storyboard */,
			);
			name = Storyboards;
			sourceTree = "<group>";
		};
/* End PBXGroup section */

/* Begin PBXNativeTarget section */
		A1676D841E916B2600F09247 /* Home Task */ = {
			isa = PBXNativeTarget;
			buildConfigurationList = A1676D9C1E916B2600F09247 /* Build configuration list for PBXNativeTarget "Home Task" */;
			buildPhases = (
				A1676D811E916B2600F09247 /* Sources */,
				A1676D821E916B2600F09247 /* Frameworks */,
				A1676D831E916B2600F09247 /* Resources */,
			);
			buildRules = (
			);
			dependencies = (
			);
			name = "Home Task";
			productName = "Home Task";
			productReference = A1676D851E916B2600F09247 /* Home Task.app */;
			productType = "com.apple.product-type.application";
		};
/* End PBXNativeTarget section */

/* Begin PBXProject section */
		A1676D7D1E916B2600F09247 /* Project object */ = {
			isa = PBXProject;
			attributes = {
				LastUpgradeCheck = 0810;
				ORGANIZATIONNAME = "Ян";
				TargetAttributes = {
					A1676D841E916B2600F09247 = {
						CreatedOnToolsVersion = 8.1;
						ProvisioningStyle = Automatic;
					};
				};
			};
			buildConfigurationList = A1676D801E916B2600F09247 /* Build configuration list for PBXProject "Home Task" */;
			compatibilityVersion = "Xcode 3.2";
			developmentRegion = English;
			hasScannedForEncodings = 0;
			knownRegions = (
				en,
				Base,
			);
			mainGroup = A1676D7C1E916B2600F09247;
			productRefGroup = A1676D861E916B2600F09247 /* Products */;
			projectDirPath = "";
			projectRoot = "";
			targets = (
				A1676D841E916B2600F09247 /* Home Task */,
			);
		};
/* End PBXProject section */

/* Begin PBXResourcesBuildPhase section */
		A1676D831E916B2600F09247 /* Resources */ = {
			isa = PBXResourcesBuildPhase;
			buildActionMask = 2147483647;
			files = (
				A1676D981E916B2600F09247 /* LaunchScreen.storyboard in Resources */,
				A1676D951E916B2600F09247 /* Assets.xcassets in Resources */,
				A1676D931E916B2600F09247 /* Main.storyboard in Resources */,
				A1676DA61E917CB700F09247 /* Corporation.plist in Resources */,
			);
			runOnlyForDeploymentPostprocessing = 0;
		};
/* End PBXResourcesBuildPhase section */

/* Begin PBXSourcesBuildPhase section */
		A1676D811E916B2600F09247 /* Sources */ = {
			isa = PBXSourcesBuildPhase;
			buildActionMask = 2147483647;
			files = (
				A1676DAA1E91834E00F09247 /* Corporations.m in Sources */,
				A15F70361E99819E00472307 /* DetailsViewController.m in Sources */,
				A1676D901E916B2600F09247 /* ViewController.m in Sources */,
				A1676D8D1E916B2600F09247 /* AppDelegate.m in Sources */,
				A1676D8A1E916B2600F09247 /* main.m in Sources */,
			);
			runOnlyForDeploymentPostprocessing = 0;
		};
/* End PBXSourcesBuildPhase section */

/* Begin PBXVariantGroup section */
		A1676D911E916B2600F09247 /* Main.storyboard */ = {
			isa = PBXVariantGroup;
			children = (
				A1676D921E916B2600F09247 /* Base */,
			);
			name = Main.storyboard;
			sourceTree = "<group>";
		};
		A1676D961E916B2600F09247 /* LaunchScreen.storyboard */ = {
			isa = PBXVariantGroup;
			children = (
				A1676D971E916B2600F09247 /* Base */,
			);
			name = LaunchScreen.storyboard;
			sourceTree = "<group>";
		};
/* End PBXVariantGroup section */

/* Begin XCBuildConfiguration section */
		A1676D9A1E916B2600F09247 /* Debug */ = {
			isa = XCBuildConfiguration;
			buildSettings = {
				ALWAYS_SEARCH_USER_PATHS = NO;
				CLANG_ANALYZER_NONNULL = YES;
				CLANG_CXX_LANGUAGE_STANDARD = "gnu++0x";
				CLANG_CXX_LIBRARY = "libc++";
				CLANG_ENABLE_MODULES = YES;
				CLANG_ENABLE_OBJC_ARC = YES;
				CLANG_WARN_BOOL_CONVERSION = YES;
				CLANG_WARN_CONSTANT_CONVERSION = YES;
				CLANG_WARN_DIRECT_OBJC_ISA_USAGE = YES_ERROR;
				CLANG_WARN_DOCUMENTATION_COMMENTS = YES;
				CLANG_WARN_EMPTY_BODY = YES;
				CLANG_WARN_ENUM_CONVERSION = YES;
				CLANG_WARN_INFINITE_RECURSION = YES;
				CLANG_WARN_INT_CONVERSION = YES;
				CLANG_WARN_OBJC_ROOT_CLASS = YES_ERROR;
				CLANG_WARN_SUSPICIOUS_MOVES = YES;
				CLANG_WARN_UNREACHABLE_CODE = YES;
				CLANG_WARN__DUPLICATE_METHOD_MATCH = YES;
				"CODE_SIGN_IDENTITY[sdk=iphoneos*]" = "iPhone Developer";
				COPY_PHASE_STRIP = NO;
				DEBUG_INFORMATION_FORMAT = dwarf;
				ENABLE_STRICT_OBJC_MSGSEND = YES;
				ENABLE_TESTABILITY = YES;
				GCC_C_LANGUAGE_STANDARD = gnu99;
				GCC_DYNAMIC_NO_PIC = NO;
				GCC_NO_COMMON_BLOCKS = YES;
				GCC_OPTIMIZATION_LEVEL = 0;
				GCC_PREPROCESSOR_DEFINITIONS = (
					"DEBUG=1",
					"$(inherited)",
				);
				GCC_WARN_64_TO_32_BIT_CONVERSION = YES;
				GCC_WARN_ABOUT_RETURN_TYPE = YES_ERROR;
				GCC_WARN_UNDECLARED_SELECTOR = YES;
				GCC_WARN_UNINITIALIZED_AUTOS = YES_AGGRESSIVE;
				GCC_WARN_UNUSED_FUNCTION = YES;
				GCC_WARN_UNUSED_VARIABLE = YES;
				IPHONEOS_DEPLOYMENT_TARGET = 10.1;
				MTL_ENABLE_DEBUG_INFO = YES;
				ONLY_ACTIVE_ARCH = YES;
				SDKROOT = iphoneos;
				TARGETED_DEVICE_FAMILY = "1,2";
			};
			name = Debug;
		};
		A1676D9B1E916B2600F09247 /* Release */ = {
			isa = XCBuildConfiguration;
			buildSettings = {
				ALWAYS_SEARCH_USER_PATHS = NO;
				CLANG_ANALYZER_NONNULL = YES;
				CLANG_CXX_LANGUAGE_STANDARD = "gnu++0x";
				CLANG_CXX_LIBRARY = "libc++";
				CLANG_ENABLE_MODULES = YES;
				CLANG_ENABLE_OBJC_ARC = YES;
				CLANG_WARN_BOOL_CONVERSION = YES;
				CLANG_WARN_CONSTANT_CONVERSION = YES;
				CLANG_WARN_DIRECT_OBJC_ISA_USAGE = YES_ERROR;
				CLANG_WARN_DOCUMENTATION_COMMENTS = YES;
				CLANG_WARN_EMPTY_BODY = YES;
				CLANG_WARN_ENUM_CONVERSION = YES;
				CLANG_WARN_INFINITE_RECURSION = YES;
				CLANG_WARN_INT_CONVERSION = YES;
				CLANG_WARN_OBJC_ROOT_CLASS = YES_ERROR;
				CLANG_WARN_SUSPICIOUS_MOVES = YES;
				CLANG_WARN_UNREACHABLE_CODE = YES;
				CLANG_WARN__DUPLICATE_METHOD_MATCH = YES;
				"CODE_SIGN_IDENTITY[sdk=iphoneos*]" = "iPhone Developer";
				COPY_PHASE_STRIP = NO;
				DEBUG_INFORMATION_FORMAT = "dwarf-with-dsym";
				ENABLE_NS_ASSERTIONS = NO;
				ENABLE_STRICT_OBJC_MSGSEND = YES;
				GCC_C_LANGUAGE_STANDARD = gnu99;
				GCC_NO_COMMON_BLOCKS = YES;
				GCC_WARN_64_TO_32_BIT_CONVERSION = YES;
				GCC_WARN_ABOUT_RETURN_TYPE = YES_ERROR;
				GCC_WARN_UNDECLARED_SELECTOR = YES;
				GCC_WARN_UNINITIALIZED_AUTOS = YES_AGGRESSIVE;
				GCC_WARN_UNUSED_FUNCTION = YES;
				GCC_WARN_UNUSED_VARIABLE = YES;
				IPHONEOS_DEPLOYMENT_TARGET = 10.1;
				MTL_ENABLE_DEBUG_INFO = NO;
				SDKROOT = iphoneos;
				TARGETED_DEVICE_FAMILY = "1,2";
				VALIDATE_PRODUCT = YES;
			};
			name = Release;
		};
		A1676D9D1E916B2600F09247 /* Debug */ = {
			isa = XCBuildConfiguration;
			buildSettings = {
				ASSETCATALOG_COMPILER_APPICON_NAME = AppIcon;
				INFOPLIST_FILE = "Home Task/Info.plist";
				LD_RUNPATH_SEARCH_PATHS = "$(inherited) @executable_path/Frameworks";
				PRODUCT_BUNDLE_IDENTIFIER = "com.Fedorov-s.Home-Task";
				PRODUCT_NAME = "$(TARGET_NAME)";
			};
			name = Debug;
		};
		A1676D9E1E916B2600F09247 /* Release */ = {
			isa = XCBuildConfiguration;
			buildSettings = {
				ASSETCATALOG_COMPILER_APPICON_NAME = AppIcon;
				INFOPLIST_FILE = "Home Task/Info.plist";
				LD_RUNPATH_SEARCH_PATHS = "$(inherited) @executable_path/Frameworks";
				PRODUCT_BUNDLE_IDENTIFIER = "com.Fedorov-s.Home-Task";
				PRODUCT_NAME = "$(TARGET_NAME)";
			};
			name = Release;
		};
/* End XCBuildConfiguration section */

/* Begin XCConfigurationList section */
		A1676D801E916B2600F09247 /* Build configuration list for PBXProject "Home Task" */ = {
			isa = XCConfigurationList;
			buildConfigurations = (
				A1676D9A1E916B2600F09247 /* Debug */,
				A1676D9B1E916B2600F09247 /* Release */,
			);
			defaultConfigurationIsVisible = 0;
			defaultConfigurationName = Release;
		};
		A1676D9C1E916B2600F09247 /* Build configuration list for PBXNativeTarget "Home Task" */ = {
			isa = XCConfigurationList;
			buildConfigurations = (
				A1676D9D1E916B2600F09247 /* Debug */,
				A1676D9E1E916B2600F09247 /* Release */,
			);
			defaultConfigurationIsVisible = 0;
			defaultConfigurationName = Release;
		};
/* End XCConfigurationList section */
	};
	rootObject = A1676D7D1E916B2600F09247 /* Project object */;
}
